schema: '2.0'
stages:
  stage_01:
    cmd: python stage_01.py
    deps:
    - path: stage_01.py
      hash: md5
      md5: 911ee5d2f19d0ea042c3014882a66816
      size: 75
    outs:
    - path: artifact.txt
      hash: md5
      md5: 687532bd16d3f710704b7310e7703d3d
      size: 19
  stage_02:
    cmd: python stage_02.py
    deps:
    - path: artifact.txt
      hash: md5
      md5: 687532bd16d3f710704b7310e7703d3d
      size: 19
    - path: stage_02.py
      hash: md5
      md5: 1ebf6c6fbe909b675c4e78d691bf6d9d
      size: 125
  stage_03:
    cmd: python stage_03.py
    deps:
    - path: artifact.txt
      hash: md5
      md5: b9dd03bd5ef7bfff8d0b6c10445fb1d3
      size: 32
    - path: stage_03.py
      hash: md5
      md5: dd3bfec1b540e5abad2983c2e8d0a6ff
      size: 189
